binutils=2.40-2
build-essential=12.9
ca-certificates=20250419~deb12u1
check=0.15.2-2+b1
cmake=3.25.1-1
curl=7.88.1-10+deb12u15
fonts-dejavu-core=2.37-6
git=1:2.39.5-0+deb12u3
git-lfs=3.3.0-1+deb12u1
jq=1.6-2.1+deb12u2
libasound2-dev=1.2.8-1+b1
libcurl4-openssl-dev=7.88.1-10+deb12u15
libdbus-1-dev=1.14.10-1~deb12u1
libfreetype6-dev=2.12.1+dfsg-5+deb12u4
libharfbuzz-dev=6.0.0+dfsg-3
libidn2-dev=2.3.3-1+b1
libjpeg62-turbo-dev=1:2.1.5-2
libpng-dev=1.6.39-2+deb12u5
libpulse-dev=16.1+dfsg1-2+b1
libssl-dev=3.0.20-1~deb12u2
libvulkan-dev=1.3.239.0-1
libwayland-dev=1.21.0-1
libwebp-dev=1.2.4-0.2+deb12u1
libx11-dev=2:1.8.4-2+deb12u2
libxcursor-dev=1:1.2.1-1
libxext-dev=2:1.3.4-1+b1
libxfixes-dev=1:6.0.0-2
libxi-dev=2:1.8-1+b1
libxkbcommon-dev=1.5.0-1
libxml2-dev=2.9.14+dfsg-1.3~deb12u6
libxrandr-dev=2:1.5.2-2+b1
libxss-dev=1:1.2.3-1
libxtst-dev=2:1.2.3-1.1
ninja-build=1.11.1-2~deb12u1
patchelf=0.14.3-1+b1
pkg-config=1.8.1-1
python3=3.11.2-1+b1
wayland-protocols=1.31-1
zlib1g-dev=1:1.2.13.dfsg-1
